
Microsoft Visual Studio Solution File, Format Version 12.00
# Visual Studio 2012
Project("{FAE04EC0-301F-11D3-BF4B-00C04F79EFBC}") = "Core", "Core\Core.csproj", "{76C9F06F-8F90-46BB-8D23-4384157B0BAF}"
EndProject
Project("{FAE04EC0-301F-11D3-BF4B-00C04F79EFBC}") = "tcp_server", "tcp_server\tcp_server.csproj", "{FDCFD879-94A5-4215-AA7B-C148F66D2199}"
EndProject
Project("{FAE04EC0-301F-11D3-BF4B-00C04F79EFBC}") = "ClientGuiWinForms", "ClientGuiWinForms\ClientGuiWinForms.csproj", "{B03C3E65-058D-4AF9-BC2F-86F19F5417B0}"
EndProject
Project("{FAE04EC0-301F-11D3-BF4B-00C04F79EFBC}") = "rem_server", "rem_server\rem_server.csproj", "{FB9D4AB0-791B-4AAE-BBA7-538C5C5A8365}"
EndProject
Project("{FAE04EC0-301F-11D3-BF4B-00C04F79EFBC}") = "RemClientGuiWinForms", "RemClientGuiWinForms\RemClientGuiWinForms.csproj", "{38B2DD0B-9E7A-41BE-A545-EBF13E7BFA25}"
EndProject
Project("{FAE04EC0-301F-11D3-BF4B-00C04F79EFBC}") = "ComPlusServer", "ComPlusServer\ComPlusServer.csproj", "{4C0B96E1-6882-475E-B672-F437402AF922}"
EndProject
Project("{FAE04EC0-301F-11D3-BF4B-00C04F79EFBC}") = "ComPlusClient", "ComPlusClient\ComPlusClient.csproj", "{16C2D6AF-7333-4912-96B4-CF7983AACE30}"
EndProject
Project("{FAE04EC0-301F-11D3-BF4B-00C04F79EFBC}") = "ComClientGuiWinForms", "ComClientGuiWinForms\ComClientGuiWinForms.csproj", "{B03C3E65-058D-4AF9-BC2F-86F19F541732}"
EndProject
Project("{FAE04EC0-301F-11D3-BF4B-00C04F79EFBC}") = "msg_server", "msg_server\msg_server.csproj", "{15ED599F-E4A2-477B-BEB1-8A97E388FC75}"
EndProject
Project("{FAE04EC0-301F-11D3-BF4B-00C04F79EFBC}") = "MsgGuiWinForms", "MsgGuiWinForms\MsgGuiWinForms.csproj", "{BD64E6F0-5A1D-4A41-A917-CC8EEB51C2CB}"
EndProject
Project("{FAE04EC0-301F-11D3-BF4B-00C04F79EFBC}") = "WcfService", "WcfService\WcfService.csproj", "{DC570F3F-C3D2-4A1A-947B-3706E0F5CF4F}"
EndProject
Project("{FAE04EC0-301F-11D3-BF4B-00C04F79EFBC}") = "WcfServiceLibrary", "WcfServiceLibrary\WcfServiceLibrary.csproj", "{15B3E0D2-6217-493A-A690-158C497F5318}"
EndProject
Project("{FAE04EC0-301F-11D3-BF4B-00C04F79EFBC}") = "WcfConsoleService", "WcfConsoleService\WcfConsoleService.csproj", "{EE041AAF-AC67-41A7-A5D0-9B8A30662F27}"
EndProject
Project("{FAE04EC0-301F-11D3-BF4B-00C04F79EFBC}") = "WcfClientGuiWinForms", "WcfClientGuiWinForms\WcfClientGuiWinForms.csproj", "{38B2DD0B-9E7A-41BE-A545-EBF13E7BFA43}"
	ProjectSection(ProjectDependencies) = postProject
		{DC570F3F-C3D2-4A1A-947B-3706E0F5CF4F} = {DC570F3F-C3D2-4A1A-947B-3706E0F5CF4F}
	EndProjectSection
EndProject
Global
	GlobalSection(SolutionConfigurationPlatforms) = preSolution
		Debug|Any CPU = Debug|Any CPU
		Release|Any CPU = Release|Any CPU
	EndGlobalSection
	GlobalSection(ProjectConfigurationPlatforms) = postSolution
		{76C9F06F-8F90-46BB-8D23-4384157B0BAF}.Debug|Any CPU.ActiveCfg = Debug|Any CPU
		{76C9F06F-8F90-46BB-8D23-4384157B0BAF}.Debug|Any CPU.Build.0 = Debug|Any CPU
		{76C9F06F-8F90-46BB-8D23-4384157B0BAF}.Release|Any CPU.ActiveCfg = Release|Any CPU
		{76C9F06F-8F90-46BB-8D23-4384157B0BAF}.Release|Any CPU.Build.0 = Release|Any CPU
		{FDCFD879-94A5-4215-AA7B-C148F66D2199}.Debug|Any CPU.ActiveCfg = Debug|Any CPU
		{FDCFD879-94A5-4215-AA7B-C148F66D2199}.Debug|Any CPU.Build.0 = Debug|Any CPU
		{FDCFD879-94A5-4215-AA7B-C148F66D2199}.Release|Any CPU.ActiveCfg = Release|Any CPU
		{FDCFD879-94A5-4215-AA7B-C148F66D2199}.Release|Any CPU.Build.0 = Release|Any CPU
		{B03C3E65-058D-4AF9-BC2F-86F19F5417B0}.Debug|Any CPU.ActiveCfg = Debug|Any CPU
		{B03C3E65-058D-4AF9-BC2F-86F19F5417B0}.Debug|Any CPU.Build.0 = Debug|Any CPU
		{B03C3E65-058D-4AF9-BC2F-86F19F5417B0}.Release|Any CPU.ActiveCfg = Release|Any CPU
		{B03C3E65-058D-4AF9-BC2F-86F19F5417B0}.Release|Any CPU.Build.0 = Release|Any CPU
		{FB9D4AB0-791B-4AAE-BBA7-538C5C5A8365}.Debug|Any CPU.ActiveCfg = Debug|Any CPU
		{FB9D4AB0-791B-4AAE-BBA7-538C5C5A8365}.Debug|Any CPU.Build.0 = Debug|Any CPU
		{FB9D4AB0-791B-4AAE-BBA7-538C5C5A8365}.Release|Any CPU.ActiveCfg = Release|Any CPU
		{FB9D4AB0-791B-4AAE-BBA7-538C5C5A8365}.Release|Any CPU.Build.0 = Release|Any CPU
		{38B2DD0B-9E7A-41BE-A545-EBF13E7BFA25}.Debug|Any CPU.ActiveCfg = Debug|Any CPU
		{38B2DD0B-9E7A-41BE-A545-EBF13E7BFA25}.Debug|Any CPU.Build.0 = Debug|Any CPU
		{38B2DD0B-9E7A-41BE-A545-EBF13E7BFA25}.Release|Any CPU.ActiveCfg = Release|Any CPU
		{38B2DD0B-9E7A-41BE-A545-EBF13E7BFA25}.Release|Any CPU.Build.0 = Release|Any CPU
		{4C0B96E1-6882-475E-B672-F437402AF922}.Debug|Any CPU.ActiveCfg = Debug|Any CPU
		{4C0B96E1-6882-475E-B672-F437402AF922}.Debug|Any CPU.Build.0 = Debug|Any CPU
		{4C0B96E1-6882-475E-B672-F437402AF922}.Release|Any CPU.ActiveCfg = Release|Any CPU
		{4C0B96E1-6882-475E-B672-F437402AF922}.Release|Any CPU.Build.0 = Release|Any CPU
		{16C2D6AF-7333-4912-96B4-CF7983AACE30}.Debug|Any CPU.ActiveCfg = Debug|Any CPU
		{16C2D6AF-7333-4912-96B4-CF7983AACE30}.Debug|Any CPU.Build.0 = Debug|Any CPU
		{16C2D6AF-7333-4912-96B4-CF7983AACE30}.Release|Any CPU.ActiveCfg = Release|Any CPU
		{16C2D6AF-7333-4912-96B4-CF7983AACE30}.Release|Any CPU.Build.0 = Release|Any CPU
		{B03C3E65-058D-4AF9-BC2F-86F19F541732}.Debug|Any CPU.ActiveCfg = Debug|Any CPU
		{B03C3E65-058D-4AF9-BC2F-86F19F541732}.Debug|Any CPU.Build.0 = Debug|Any CPU
		{B03C3E65-058D-4AF9-BC2F-86F19F541732}.Release|Any CPU.ActiveCfg = Release|Any CPU
		{B03C3E65-058D-4AF9-BC2F-86F19F541732}.Release|Any CPU.Build.0 = Release|Any CPU
		{15ED599F-E4A2-477B-BEB1-8A97E388FC75}.Debug|Any CPU.ActiveCfg = Debug|Any CPU
		{15ED599F-E4A2-477B-BEB1-8A97E388FC75}.Debug|Any CPU.Build.0 = Debug|Any CPU
		{15ED599F-E4A2-477B-BEB1-8A97E388FC75}.Release|Any CPU.ActiveCfg = Release|Any CPU
		{15ED599F-E4A2-477B-BEB1-8A97E388FC75}.Release|Any CPU.Build.0 = Release|Any CPU
		{BD64E6F0-5A1D-4A41-A917-CC8EEB51C2CB}.Debug|Any CPU.ActiveCfg = Debug|Any CPU
		{BD64E6F0-5A1D-4A41-A917-CC8EEB51C2CB}.Debug|Any CPU.Build.0 = Debug|Any CPU
		{BD64E6F0-5A1D-4A41-A917-CC8EEB51C2CB}.Release|Any CPU.ActiveCfg = Release|Any CPU
		{BD64E6F0-5A1D-4A41-A917-CC8EEB51C2CB}.Release|Any CPU.Build.0 = Release|Any CPU
		{DC570F3F-C3D2-4A1A-947B-3706E0F5CF4F}.Debug|Any CPU.ActiveCfg = Debug|Any CPU
		{DC570F3F-C3D2-4A1A-947B-3706E0F5CF4F}.Debug|Any CPU.Build.0 = Debug|Any CPU
		{DC570F3F-C3D2-4A1A-947B-3706E0F5CF4F}.Release|Any CPU.ActiveCfg = Release|Any CPU
		{DC570F3F-C3D2-4A1A-947B-3706E0F5CF4F}.Release|Any CPU.Build.0 = Release|Any CPU
		{15B3E0D2-6217-493A-A690-158C497F5318}.Debug|Any CPU.ActiveCfg = Debug|Any CPU
		{15B3E0D2-6217-493A-A690-158C497F5318}.Debug|Any CPU.Build.0 = Debug|Any CPU
		{15B3E0D2-6217-493A-A690-158C497F5318}.Release|Any CPU.ActiveCfg = Release|Any CPU
		{15B3E0D2-6217-493A-A690-158C497F5318}.Release|Any CPU.Build.0 = Release|Any CPU
		{EE041AAF-AC67-41A7-A5D0-9B8A30662F27}.Debug|Any CPU.ActiveCfg = Debug|Any CPU
		{EE041AAF-AC67-41A7-A5D0-9B8A30662F27}.Debug|Any CPU.Build.0 = Debug|Any CPU
		{EE041AAF-AC67-41A7-A5D0-9B8A30662F27}.Release|Any CPU.ActiveCfg = Release|Any CPU
		{EE041AAF-AC67-41A7-A5D0-9B8A30662F27}.Release|Any CPU.Build.0 = Release|Any CPU
		{38B2DD0B-9E7A-41BE-A545-EBF13E7BFA43}.Debug|Any CPU.ActiveCfg = Debug|Any CPU
		{38B2DD0B-9E7A-41BE-A545-EBF13E7BFA43}.Debug|Any CPU.Build.0 = Debug|Any CPU
		{38B2DD0B-9E7A-41BE-A545-EBF13E7BFA43}.Release|Any CPU.ActiveCfg = Release|Any CPU
		{38B2DD0B-9E7A-41BE-A545-EBF13E7BFA43}.Release|Any CPU.Build.0 = Release|Any CPU
	EndGlobalSection
	GlobalSection(SolutionProperties) = preSolution
		HideSolutionNode = FALSE
	EndGlobalSection
	GlobalSection(MonoDevelopProperties) = preSolution
		StartupItem = msg_server\msg_server.csproj
	EndGlobalSection
EndGlobal
